// !$*UTF8*$!
{
	archiveVersion = 1;
	classes = {
	};
	objectVersion = 56;
	objects = {

/* Begin PBXBuildFile section */
		9C47E2072A3196B600D83AEB /* JokeboxApp.swift in Sources */ = {isa = PBXBuildFile; fileRef = 9C47E2062A3196B600D83AEB /* JokeboxApp.swift */; };
		9C47E2092A3196B600D83AEB /* ContentView.swift in Sources */ = {isa = PBXBuildFile; fileRef = 9C47E2082A3196B600D83AEB /* ContentView.swift */; };
		9C47E20B2A3196B700D83AEB /* Assets.xcassets in Resources */ = {isa = PBXBuildFile; fileRef = 9C47E20A2A3196B700D83AEB /* Assets.xcassets */; };
		9C47E20E2A3196B700D83AEB /* Preview Assets.xcassets in Resources */ = {isa = PBXBuildFile; fileRef = 9C47E20D2A3196B700D83AEB /* Preview Assets.xcassets */; };
		9C47E2182A3196B700D83AEB /* JokeboxTests.swift in Sources */ = {isa = PBXBuildFile; fileRef = 9C47E2172A3196B700D83AEB /* JokeboxTests.swift */; };
		9C47E2222A3196B700D83AEB /* JokeboxUITests.swift in Sources */ = {isa = PBXBuildFile; fileRef = 9C47E2212A3196B700D83AEB /* JokeboxUITests.swift */; };
		9C47E2242A3196B700D83AEB /* JokeboxUITestsLaunchTests.swift in Sources */ = {isa = PBXBuildFile; fileRef = 9C47E2232A3196B700D83AEB /* JokeboxUITestsLaunchTests.swift */; };
		9C47E2312A31990B00D83AEB /* Color.swift in Sources */ = {isa = PBXBuildFile; fileRef = 9C47E2302A31990B00D83AEB /* Color.swift */; };
		9C47E2382A3693DA00D83AEB /* OpenAIConnector.swift in Sources */ = {isa = PBXBuildFile; fileRef = 9C47E2372A3693DA00D83AEB /* OpenAIConnector.swift */; };
		9C47E23A2A3694B200D83AEB /* OpenAIResponseHandler.swift in Sources */ = {isa = PBXBuildFile; fileRef = 9C47E2392A3694B200D83AEB /* OpenAIResponseHandler.swift */; };
		9C7973082B681D1000555E3E /* Staatliches-Regular.ttf in Resources */ = {isa = PBXBuildFile; fileRef = 9C7973072B681D1000555E3E /* Staatliches-Regular.ttf */; };
		9C90E7C72A41D60500AEC822 /* Orbit-Regular.ttf in Resources */ = {isa = PBXBuildFile; fileRef = 9C90E7C62A41D60400AEC822 /* Orbit-Regular.ttf */; };
		9C90E7C82A41D60500AEC822 /* Orbit-Regular.ttf in Resources */ = {isa = PBXBuildFile; fileRef = 9C90E7C62A41D60400AEC822 /* Orbit-Regular.ttf */; };
		9C90E7C92A41D60500AEC822 /* Orbit-Regular.ttf in Resources */ = {isa = PBXBuildFile; fileRef = 9C90E7C62A41D60400AEC822 /* Orbit-Regular.ttf */; };
		9CCDFB6C2A9A8B190074AD08 /* Constants.swift in Sources */ = {isa = PBXBuildFile; fileRef = 9CCDFB6B2A9A8B190074AD08 /* Constants.swift */; };
		9CE1855A2A4560DA0056F5D7 /* Press-Regular.ttf in Resources */ = {isa = PBXBuildFile; fileRef = 9CE185592A4560DA0056F5D7 /* Press-Regular.ttf */; };
		9CE1855B2A4560DA0056F5D7 /* Press-Regular.ttf in Resources */ = {isa = PBXBuildFile; fileRef = 9CE185592A4560DA0056F5D7 /* Press-Regular.ttf */; };
		9CE1855C2A4560DA0056F5D7 /* Press-Regular.ttf in Resources */ = {isa = PBXBuildFile; fileRef = 9CE185592A4560DA0056F5D7 /* Press-Regular.ttf */; };
		9CE1855E2A81D3500056F5D7 /* ContentFilter.swift in Sources */ = {isa = PBXBuildFile; fileRef = 9CE1855D2A81D3500056F5D7 /* ContentFilter.swift */; };
/* End PBXBuildFile section */

/* Begin PBXContainerItemProxy section */
		9C47E2142A3196B700D83AEB /* PBXContainerItemProxy */ = {
			isa = PBXContainerItemProxy;
			containerPortal = 9C47E1FB2A3196B600D83AEB /* Project object */;
			proxyType = 1;
			remoteGlobalIDString = 9C47E2022A3196B600D83AEB;
			remoteInfo = Jokester;
		};
		9C47E21E2A3196B700D83AEB /* PBXContainerItemProxy */ = {
			isa = PBXContainerItemProxy;
			containerPortal = 9C47E1FB2A3196B600D83AEB /* Project object */;
			proxyType = 1;
			remoteGlobalIDString = 9C47E2022A3196B600D83AEB;
			remoteInfo = Jokester;
		};
/* End PBXContainerItemProxy section */

/* Begin PBXFileReference section */
		9C47E2032A3196B600D83AEB /* Jokebox.app */ = {isa = PBXFileReference; explicitFileType = wrapper.application; includeInIndex = 0; path = Jokebox.app; sourceTree = BUILT_PRODUCTS_DIR; };
		9C47E2062A3196B600D83AEB /* JokeboxApp.swift */ = {isa = PBXFileReference; lastKnownFileType = sourcecode.swift; path = JokeboxApp.swift; sourceTree = "<group>"; };
		9C47E2082A3196B600D83AEB /* ContentView.swift */ = {isa = PBXFileReference; lastKnownFileType = sourcecode.swift; path = ContentView.swift; sourceTree = "<group>"; };
		9C47E20A2A3196B700D83AEB /* Assets.xcassets */ = {isa = PBXFileReference; lastKnownFileType = folder.assetcatalog; path = Assets.xcassets; sourceTree = "<group>"; };
		9C47E20D2A3196B700D83AEB /* Preview Assets.xcassets */ = {isa = PBXFileReference; lastKnownFileType = folder.assetcatalog; path = "Preview Assets.xcassets"; sourceTree = "<group>"; };
		9C47E2132A3196B700D83AEB /* JokeboxTests.xctest */ = {isa = PBXFileReference; explicitFileType = wrapper.cfbundle; includeInIndex = 0; path = JokeboxTests.xctest; sourceTree = BUILT_PRODUCTS_DIR; };
		9C47E2172A3196B700D83AEB /* JokeboxTests.swift */ = {isa = PBXFileReference; lastKnownFileType = sourcecode.swift; path = JokeboxTests.swift; sourceTree = "<group>"; };
		9C47E21D2A3196B700D83AEB /* JokeboxUITests.xctest */ = {isa = PBXFileReference; explicitFileType = wrapper.cfbundle; includeInIndex = 0; path = JokeboxUITests.xctest; sourceTree = BUILT_PRODUCTS_DIR; };
		9C47E2212A3196B700D83AEB /* JokeboxUITests.swift */ = {isa = PBXFileReference; lastKnownFileType = sourcecode.swift; path = JokeboxUITests.swift; sourceTree = "<group>"; };
		9C47E2232A3196B700D83AEB /* JokeboxUITestsLaunchTests.swift */ = {isa = PBXFileReference; lastKnownFileType = sourcecode.swift; path = JokeboxUITestsLaunchTests.swift; sourceTree = "<group>"; };
		9C47E2302A31990B00D83AEB /* Color.swift */ = {isa = PBXFileReference; lastKnownFileType = sourcecode.swift; path = Color.swift; sourceTree = "<group>"; };
		9C47E2372A3693DA00D83AEB /* OpenAIConnector.swift */ = {isa = PBXFileReference; lastKnownFileType = sourcecode.swift; path = OpenAIConnector.swift; sourceTree = "<group>"; };
		9C47E2392A3694B200D83AEB /* OpenAIResponseHandler.swift */ = {isa = PBXFileReference; lastKnownFileType = sourcecode.swift; path = OpenAIResponseHandler.swift; sourceTree = "<group>"; };
		9C47E23D2A3BFF3000D83AEB /* Info.plist */ = {isa = PBXFileReference; lastKnownFileType = text.plist; path = Info.plist; sourceTree = "<group>"; };
		9C7973072B681D1000555E3E /* Staatliches-Regular.ttf */ = {isa = PBXFileReference; lastKnownFileType = file; path = "Staatliches-Regular.ttf"; sourceTree = "<group>"; };
		9C90E7C62A41D60400AEC822 /* Orbit-Regular.ttf */ = {isa = PBXFileReference; lastKnownFileType = file; path = "Orbit-Regular.ttf"; sourceTree = "<group>"; };
		9CCDFB6B2A9A8B190074AD08 /* Constants.swift */ = {isa = PBXFileReference; lastKnownFileType = sourcecode.swift; path = Constants.swift; sourceTree = "<group>"; };
		9CE185592A4560DA0056F5D7 /* Press-Regular.ttf */ = {isa = PBXFileReference; lastKnownFileType = file; path = "Press-Regular.ttf"; sourceTree = "<group>"; };
		9CE1855D2A81D3500056F5D7 /* ContentFilter.swift */ = {isa = PBXFileReference; lastKnownFileType = sourcecode.swift; path = ContentFilter.swift; sourceTree = "<group>"; };
/* End PBXFileReference section */

/* Begin PBXFrameworksBuildPhase section */
		9C47E2002A3196B600D83AEB /* Frameworks */ = {
			isa = PBXFrameworksBuildPhase;
			buildActionMask = 2147483647;
			files = (
			);
			runOnlyForDeploymentPostprocessing = 0;
		};
		9C47E2102A3196B700D83AEB /* Frameworks */ = {
			isa = PBXFrameworksBuildPhase;
			buildActionMask = 2147483647;
			files = (
			);
			runOnlyForDeploymentPostprocessing = 0;
		};
		9C47E21A2A3196B700D83AEB /* Frameworks */ = {
			isa = PBXFrameworksBuildPhase;
			buildActionMask = 2147483647;
			files = (
			);
			runOnlyForDeploymentPostprocessing = 0;
		};
/* End PBXFrameworksBuildPhase section */

/* Begin PBXGroup section */
		9C47E1FA2A3196B600D83AEB = {
			isa = PBXGroup;
			children = (
				9C47E2052A3196B600D83AEB /* Jokebox */,
				9C47E2162A3196B700D83AEB /* JokeboxTests */,
				9C47E2202A3196B700D83AEB /* JokesterUITests */,
				9C47E2042A3196B600D83AEB /* Products */,
			);
			sourceTree = "<group>";
		};
		9C47E2042A3196B600D83AEB /* Products */ = {
			isa = PBXGroup;
			children = (
				9C47E2032A3196B600D83AEB /* Jokebox.app */,
				9C47E2132A3196B700D83AEB /* JokeboxTests.xctest */,
				9C47E21D2A3196B700D83AEB /* JokeboxUITests.xctest */,
			);
			name = Products;
			sourceTree = "<group>";
		};
		9C47E2052A3196B600D83AEB /* Jokebox */ = {
			isa = PBXGroup;
			children = (
				9C47E23D2A3BFF3000D83AEB /* Info.plist */,
				9C47E2062A3196B600D83AEB /* JokeboxApp.swift */,
				9C47E2082A3196B600D83AEB /* ContentView.swift */,
				9CCDFB6B2A9A8B190074AD08 /* Constants.swift */,
				9CE1855D2A81D3500056F5D7 /* ContentFilter.swift */,
				9CE1854F2A431BB20056F5D7 /* OpenAI */,
				9CE185502A431BCA0056F5D7 /* Assets */,
				9C47E20C2A3196B700D83AEB /* Preview Content */,
			);
			path = Jokebox;
			sourceTree = "<group>";
		};
		9C47E20C2A3196B700D83AEB /* Preview Content */ = {
			isa = PBXGroup;
			children = (
				9C47E20D2A3196B700D83AEB /* Preview Assets.xcassets */,
			);
			path = "Preview Content";
			sourceTree = "<group>";
		};
		9C47E2162A3196B700D83AEB /* JokeboxTests */ = {
			isa = PBXGroup;
			children = (
				9C47E2172A3196B700D83AEB /* JokeboxTests.swift */,
			);
			path = JokeboxTests;
			sourceTree = "<group>";
		};
		9C47E2202A3196B700D83AEB /* JokesterUITests */ = {
			isa = PBXGroup;
			children = (
				9C47E2212A3196B700D83AEB /* JokeboxUITests.swift */,
				9C47E2232A3196B700D83AEB /* JokeboxUITestsLaunchTests.swift */,
			);
			path = JokesterUITests;
			sourceTree = "<group>";
		};
		9C7973092B681D2800555E3E /* Fonts */ = {
			isa = PBXGroup;
			children = (
				9CE185592A4560DA0056F5D7 /* Press-Regular.ttf */,
				9C90E7C62A41D60400AEC822 /* Orbit-Regular.ttf */,
				9C7973072B681D1000555E3E /* Staatliches-Regular.ttf */,
			);
			path = Fonts;
			sourceTree = "<group>";
		};
		9CE1854F2A431BB20056F5D7 /* OpenAI */ = {
			isa = PBXGroup;
			children = (
				9C47E2372A3693DA00D83AEB /* OpenAIConnector.swift */,
				9C47E2392A3694B200D83AEB /* OpenAIResponseHandler.swift */,
			);
			path = OpenAI;
			sourceTree = "<group>";
		};
		9CE185502A431BCA0056F5D7 /* Assets */ = {
			isa = PBXGroup;
			children = (
				9C7973092B681D2800555E3E /* Fonts */,
				9C47E2302A31990B00D83AEB /* Color.swift */,
				9C47E20A2A3196B700D83AEB /* Assets.xcassets */,
			);
			path = Assets;
			sourceTree = "<group>";
		};
/* End PBXGroup section */

/* Begin PBXNativeTarget section */
		9C47E2022A3196B600D83AEB /* Jokebox */ = {
			isa = PBXNativeTarget;
			buildConfigurationList = 9C47E2272A3196B700D83AEB /* Build configuration list for PBXNativeTarget "Jokebox" */;
			buildPhases = (
				9C47E1FF2A3196B600D83AEB /* Sources */,
				9C47E2002A3196B600D83AEB /* Frameworks */,
				9C47E2012A3196B600D83AEB /* Resources */,
			);
			buildRules = (
			);
			dependencies = (
			);
			name = Jokebox;
			packageProductDependencies = (
			);
			productName = Jokester;
			productReference = 9C47E2032A3196B600D83AEB /* Jokebox.app */;
			productType = "com.apple.product-type.application";
		};
		9C47E2122A3196B700D83AEB /* JokeboxTests */ = {
			isa = PBXNativeTarget;
			buildConfigurationList = 9C47E22A2A3196B700D83AEB /* Build configuration list for PBXNativeTarget "JokeboxTests" */;
			buildPhases = (
				9C47E20F2A3196B700D83AEB /* Sources */,
				9C47E2102A3196B700D83AEB /* Frameworks */,
				9C47E2112A3196B700D83AEB /* Resources */,
			);
			buildRules = (
			);
			dependencies = (
				9C47E2152A3196B700D83AEB /* PBXTargetDependency */,
			);
			name = JokeboxTests;
			productName = JokesterTests;
			productReference = 9C47E2132A3196B700D83AEB /* JokeboxTests.xctest */;
			productType = "com.apple.product-type.bundle.unit-test";
		};
		9C47E21C2A3196B700D83AEB /* JokeboxUITests */ = {
			isa = PBXNativeTarget;
			buildConfigurationList = 9C47E22D2A3196B700D83AEB /* Build configuration list for PBXNativeTarget "JokeboxUITests" */;
			buildPhases = (
				9C47E2192A3196B700D83AEB /* Sources */,
				9C47E21A2A3196B700D83AEB /* Frameworks */,
				9C47E21B2A3196B700D83AEB /* Resources */,
			);
			buildRules = (
			);
			dependencies = (
				9C47E21F2A3196B700D83AEB /* PBXTargetDependency */,
			);
			name = JokeboxUITests;
			productName = JokesterUITests;
			productReference = 9C47E21D2A3196B700D83AEB /* JokeboxUITests.xctest */;
			productType = "com.apple.product-type.bundle.ui-testing";
		};
/* End PBXNativeTarget section */

/* Begin PBXProject section */
		9C47E1FB2A3196B600D83AEB /* Project object */ = {
			isa = PBXProject;
			attributes = {
				BuildIndependentTargetsInParallel = 1;
				LastSwiftUpdateCheck = 1430;
				LastUpgradeCheck = 1500;
				TargetAttributes = {
					9C47E2022A3196B600D83AEB = {
						CreatedOnToolsVersion = 14.3.1;
					};
					9C47E2122A3196B700D83AEB = {
						CreatedOnToolsVersion = 14.3.1;
						TestTargetID = 9C47E2022A3196B600D83AEB;
					};
					9C47E21C2A3196B700D83AEB = {
						CreatedOnToolsVersion = 14.3.1;
						TestTargetID = 9C47E2022A3196B600D83AEB;
					};
				};
			};
			buildConfigurationList = 9C47E1FE2A3196B600D83AEB /* Build configuration list for PBXProject "Jokebox" */;
			compatibilityVersion = "Xcode 14.0";
			developmentRegion = en;
			hasScannedForEncodings = 0;
			knownRegions = (
				en,
				Base,
			);
			mainGroup = 9C47E1FA2A3196B600D83AEB;
			packageReferences = (
			);
			productRefGroup = 9C47E2042A3196B600D83AEB /* Products */;
			projectDirPath = "";
			projectRoot = "";
			targets = (
				9C47E2022A3196B600D83AEB /* Jokebox */,
				9C47E2122A3196B700D83AEB /* JokeboxTests */,
				9C47E21C2A3196B700D83AEB /* JokeboxUITests */,
			);
		};
/* End PBXProject section */

/* Begin PBXResourcesBuildPhase section */
		9C47E2012A3196B600D83AEB /* Resources */ = {
			isa = PBXResourcesBuildPhase;
			buildActionMask = 2147483647;
			files = (
				9C90E7C72A41D60500AEC822 /* Orbit-Regular.ttf in Resources */,
				9C47E20E2A3196B700D83AEB /* Preview Assets.xcassets in Resources */,
				9C7973082B681D1000555E3E /* Staatliches-Regular.ttf in Resources */,
				9C47E20B2A3196B700D83AEB /* Assets.xcassets in Resources */,
				9CE1855A2A4560DA0056F5D7 /* Press-Regular.ttf in Resources */,
			);
			runOnlyForDeploymentPostprocessing = 0;
		};
		9C47E2112A3196B700D83AEB /* Resources */ = {
			isa = PBXResourcesBuildPhase;
			buildActionMask = 2147483647;
			files = (
				9C90E7C82A41D60500AEC822 /* Orbit-Regular.ttf in Resources */,
				9CE1855B2A4560DA0056F5D7 /* Press-Regular.ttf in Resources */,
			);
			runOnlyForDeploymentPostprocessing = 0;
		};
		9C47E21B2A3196B700D83AEB /* Resources */ = {
			isa = PBXResourcesBuildPhase;
			buildActionMask = 2147483647;
			files = (
				9C90E7C92A41D60500AEC822 /* Orbit-Regular.ttf in Resources */,
				9CE1855C2A4560DA0056F5D7 /* Press-Regular.ttf in Resources */,
			);
			runOnlyForDeploymentPostprocessing = 0;
		};
/* End PBXResourcesBuildPhase section */

/* Begin PBXSourcesBuildPhase section */
		9C47E1FF2A3196B600D83AEB /* Sources */ = {
			isa = PBXSourcesBuildPhase;
			buildActionMask = 2147483647;
			files = (
				9C47E2312A31990B00D83AEB /* Color.swift in Sources */,
				9C47E23A2A3694B200D83AEB /* OpenAIResponseHandler.swift in Sources */,
				9C47E2382A3693DA00D83AEB /* OpenAIConnector.swift in Sources */,
				9CCDFB6C2A9A8B190074AD08 /* Constants.swift in Sources */,
				9CE1855E2A81D3500056F5D7 /* ContentFilter.swift in Sources */,
				9C47E2092A3196B600D83AEB /* ContentView.swift in Sources */,
				9C47E2072A3196B600D83AEB /* JokeboxApp.swift in Sources */,
			);
			runOnlyForDeploymentPostprocessing = 0;
		};
		9C47E20F2A3196B700D83AEB /* Sources */ = {
			isa = PBXSourcesBuildPhase;
			buildActionMask = 2147483647;
			files = (
				9C47E2182A3196B700D83AEB /* JokeboxTests.swift in Sources */,
			);
			runOnlyForDeploymentPostprocessing = 0;
		};
		9C47E2192A3196B700D83AEB /* Sources */ = {
			isa = PBXSourcesBuildPhase;
			buildActionMask = 2147483647;
			files = (
				9C47E2242A3196B700D83AEB /* JokeboxUITestsLaunchTests.swift in Sources */,
				9C47E2222A3196B700D83AEB /* JokeboxUITests.swift in Sources */,
			);
			runOnlyForDeploymentPostprocessing = 0;
		};
/* End PBXSourcesBuildPhase section */

/* Begin PBXTargetDependency section */
		9C47E2152A3196B700D83AEB /* PBXTargetDependency */ = {
			isa = PBXTargetDependency;
			target = 9C47E2022A3196B600D83AEB /* Jokebox */;
			targetProxy = 9C47E2142A3196B700D83AEB /* PBXContainerItemProxy */;
		};
		9C47E21F2A3196B700D83AEB /* PBXTargetDependency */ = {
			isa = PBXTargetDependency;
			target = 9C47E2022A3196B600D83AEB /* Jokebox */;
			targetProxy = 9C47E21E2A3196B700D83AEB /* PBXContainerItemProxy */;
		};
/* End PBXTargetDependency section */

/* Begin XCBuildConfiguration section */
		9C47E2252A3196B700D83AEB /* Debug */ = {
			isa = XCBuildConfiguration;
			buildSettings = {
				ALWAYS_SEARCH_USER_PATHS = NO;
				CLANG_ANALYZER_NONNULL = YES;
				CLANG_ANALYZER_NUMBER_OBJECT_CONVERSION = YES_AGGRESSIVE;
				CLANG_CXX_LANGUAGE_STANDARD = "gnu++20";
				CLANG_ENABLE_MODULES = YES;
				CLANG_ENABLE_OBJC_ARC = YES;
				CLANG_ENABLE_OBJC_WEAK = YES;
				CLANG_WARN_BLOCK_CAPTURE_AUTORELEASING = YES;
				CLANG_WARN_BOOL_CONVERSION = YES;
				CLANG_WARN_COMMA = YES;
				CLANG_WARN_CONSTANT_CONVERSION = YES;
				CLANG_WARN_DEPRECATED_OBJC_IMPLEMENTATIONS = YES;
				CLANG_WARN_DIRECT_OBJC_ISA_USAGE = YES_ERROR;
				CLANG_WARN_DOCUMENTATION_COMMENTS = YES;
				CLANG_WARN_EMPTY_BODY = YES;
				CLANG_WARN_ENUM_CONVERSION = YES;
				CLANG_WARN_INFINITE_RECURSION = YES;
				CLANG_WARN_INT_CONVERSION = YES;
				CLANG_WARN_NON_LITERAL_NULL_CONVERSION = YES;
				CLANG_WARN_OBJC_IMPLICIT_RETAIN_SELF = YES;
				CLANG_WARN_OBJC_LITERAL_CONVERSION = YES;
				CLANG_WARN_OBJC_ROOT_CLASS = YES_ERROR;
				CLANG_WARN_QUOTED_INCLUDE_IN_FRAMEWORK_HEADER = YES;
				CLANG_WARN_RANGE_LOOP_ANALYSIS = YES;
				CLANG_WARN_STRICT_PROTOTYPES = YES;
				CLANG_WARN_SUSPICIOUS_MOVE = YES;
				CLANG_WARN_UNGUARDED_AVAILABILITY = YES_AGGRESSIVE;
				CLANG_WARN_UNREACHABLE_CODE = YES;
				CLANG_WARN__DUPLICATE_METHOD_MATCH = YES;
				COPY_PHASE_STRIP = NO;
				DEBUG_INFORMATION_FORMAT = dwarf;
				ENABLE_STRICT_OBJC_MSGSEND = YES;
				ENABLE_TESTABILITY = YES;
				ENABLE_USER_SCRIPT_SANDBOXING = YES;
				GCC_C_LANGUAGE_STANDARD = gnu11;
				GCC_DYNAMIC_NO_PIC = NO;
				GCC_NO_COMMON_BLOCKS = YES;
				GCC_OPTIMIZATION_LEVEL = 0;
				GCC_PREPROCESSOR_DEFINITIONS = (
					"DEBUG=1",
					"$(inherited)",
				);
				GCC_WARN_64_TO_32_BIT_CONVERSION = YES;
				GCC_WARN_ABOUT_RETURN_TYPE = YES_ERROR;
				GCC_WARN_UNDECLARED_SELECTOR = YES;
				GCC_WARN_UNINITIALIZED_AUTOS = YES_AGGRESSIVE;
				GCC_WARN_UNUSED_FUNCTION = YES;
				GCC_WARN_UNUSED_VARIABLE = YES;
				IPHONEOS_DEPLOYMENT_TARGET = 16.4;
				MTL_ENABLE_DEBUG_INFO = INCLUDE_SOURCE;
				MTL_FAST_MATH = YES;
				ONLY_ACTIVE_ARCH = YES;
				SDKROOT = iphoneos;
				SWIFT_ACTIVE_COMPILATION_CONDITIONS = DEBUG;
				SWIFT_OPTIMIZATION_LEVEL = "-Onone";
			};
			name = Debug;
		};
		9C47E2262A3196B700D83AEB /* Release */ = {
			isa = XCBuildConfiguration;
			buildSettings = {
				ALWAYS_SEARCH_USER_PATHS = NO;
				CLANG_ANALYZER_NONNULL = YES;
				CLANG_ANALYZER_NUMBER_OBJECT_CONVERSION = YES_AGGRESSIVE;
				CLANG_CXX_LANGUAGE_STANDARD = "gnu++20";
				CLANG_ENABLE_MODULES = YES;
				CLANG_ENABLE_OBJC_ARC = YES;
				CLANG_ENABLE_OBJC_WEAK = YES;
				CLANG_WARN_BLOCK_CAPTURE_AUTORELEASING = YES;
				CLANG_WARN_BOOL_CONVERSION = YES;
				CLANG_WARN_COMMA = YES;
				CLANG_WARN_CONSTANT_CONVERSION = YES;
				CLANG_WARN_DEPRECATED_OBJC_IMPLEMENTATIONS = YES;
				CLANG_WARN_DIRECT_OBJC_ISA_USAGE = YES_ERROR;
				CLANG_WARN_DOCUMENTATION_COMMENTS = YES;
				CLANG_WARN_EMPTY_BODY = YES;
				CLANG_WARN_ENUM_CONVERSION = YES;
				CLANG_WARN_INFINITE_RECURSION = YES;
				CLANG_WARN_INT_CONVERSION = YES;
				CLANG_WARN_NON_LITERAL_NULL_CONVERSION = YES;
				CLANG_WARN_OBJC_IMPLICIT_RETAIN_SELF = YES;
				CLANG_WARN_OBJC_LITERAL_CONVERSION = YES;
				CLANG_WARN_OBJC_ROOT_CLASS = YES_ERROR;
				CLANG_WARN_QUOTED_INCLUDE_IN_FRAMEWORK_HEADER = YES;
				CLANG_WARN_RANGE_LOOP_ANALYSIS = YES;
				CLANG_WARN_STRICT_PROTOTYPES = YES;
				CLANG_WARN_SUSPICIOUS_MOVE = YES;
				CLANG_WARN_UNGUARDED_AVAILABILITY = YES_AGGRESSIVE;
				CLANG_WARN_UNREACHABLE_CODE = YES;
				CLANG_WARN__DUPLICATE_METHOD_MATCH = YES;
				COPY_PHASE_STRIP = NO;
				DEBUG_INFORMATION_FORMAT = "dwarf-with-dsym";
				ENABLE_NS_ASSERTIONS = NO;
				ENABLE_STRICT_OBJC_MSGSEND = YES;
				ENABLE_USER_SCRIPT_SANDBOXING = YES;
				GCC_C_LANGUAGE_STANDARD = gnu11;
				GCC_NO_COMMON_BLOCKS = YES;
				GCC_WARN_64_TO_32_BIT_CONVERSION = YES;
				GCC_WARN_ABOUT_RETURN_TYPE = YES_ERROR;
				GCC_WARN_UNDECLARED_SELECTOR = YES;
				GCC_WARN_UNINITIALIZED_AUTOS = YES_AGGRESSIVE;
				GCC_WARN_UNUSED_FUNCTION = YES;
				GCC_WARN_UNUSED_VARIABLE = YES;
				IPHONEOS_DEPLOYMENT_TARGET = 16.4;
				MTL_ENABLE_DEBUG_INFO = NO;
				MTL_FAST_MATH = YES;
				SDKROOT = iphoneos;
				SWIFT_COMPILATION_MODE = wholemodule;
				SWIFT_OPTIMIZATION_LEVEL = "-O";
				VALIDATE_PRODUCT = YES;
			};
			name = Release;
		};
		9C47E2282A3196B700D83AEB /* Debug */ = {
			isa = XCBuildConfiguration;
			buildSettings = {
				ASSETCATALOG_COMPILER_APPICON_NAME = AppIcon;
				ASSETCATALOG_COMPILER_GLOBAL_ACCENT_COLOR_NAME = AccentColor;
				CODE_SIGN_STYLE = Automatic;
				CURRENT_PROJECT_VERSION = 0;
				DEVELOPMENT_ASSET_PATHS = "\"Jokebox/Preview Content\"";
				DEVELOPMENT_TEAM = 475W77LFJ2;
				ENABLE_PREVIEWS = YES;
				GENERATE_INFOPLIST_FILE = YES;
				INFOPLIST_FILE = Jokebox/Info.plist;
				INFOPLIST_KEY_CFBundleDisplayName = Jokebox;
				INFOPLIST_KEY_LSApplicationCategoryType = "public.app-category.entertainment";
				INFOPLIST_KEY_UIApplicationSceneManifest_Generation = YES;
				INFOPLIST_KEY_UIApplicationSupportsIndirectInputEvents = YES;
				INFOPLIST_KEY_UILaunchScreen_Generation = YES;
				INFOPLIST_KEY_UIRequiresFullScreen = YES;
				INFOPLIST_KEY_UIStatusBarStyle = UIStatusBarStyleDarkContent;
				INFOPLIST_KEY_UISupportedInterfaceOrientations = UIInterfaceOrientationPortrait;
				IPHONEOS_DEPLOYMENT_TARGET = 16.0;
				LD_RUNPATH_SEARCH_PATHS = (
					"$(inherited)",
					"@executable_path/Frameworks",
				);
				MARKETING_VERSION = 1.3;
				PRODUCT_BUNDLE_IDENTIFIER = com.SohumBerry.Jokebox;
				PRODUCT_NAME = "$(TARGET_NAME)";
				SUPPORTED_PLATFORMS = "iphoneos iphonesimulator";
				SUPPORTS_MACCATALYST = NO;
				SUPPORTS_MAC_DESIGNED_FOR_IPHONE_IPAD = NO;
				SWIFT_EMIT_LOC_STRINGS = YES;
				SWIFT_VERSION = 5.0;
				TARGETED_DEVICE_FAMILY = "1,2";
			};
			name = Debug;
		};
		9C47E2292A3196B700D83AEB /* Release */ = {
			isa = XCBuildConfiguration;
			buildSettings = {
				ASSETCATALOG_COMPILER_APPICON_NAME = AppIcon;
				ASSETCATALOG_COMPILER_GLOBAL_ACCENT_COLOR_NAME = AccentColor;
				CODE_SIGN_STYLE = Automatic;
				CURRENT_PROJECT_VERSION = 0;
				DEVELOPMENT_ASSET_PATHS = "\"Jokebox/Preview Content\"";
				DEVELOPMENT_TEAM = 475W77LFJ2;
				ENABLE_PREVIEWS = YES;
				GENERATE_INFOPLIST_FILE = YES;
				INFOPLIST_FILE = Jokebox/Info.plist;
				INFOPLIST_KEY_CFBundleDisplayName = Jokebox;
				INFOPLIST_KEY_LSApplicationCategoryType = "public.app-category.entertainment";
				INFOPLIST_KEY_UIApplicationSceneManifest_Generation = YES;
				INFOPLIST_KEY_UIApplicationSupportsIndirectInputEvents = YES;
				INFOPLIST_KEY_UILaunchScreen_Generation = YES;
				INFOPLIST_KEY_UIRequiresFullScreen = YES;
				INFOPLIST_KEY_UIStatusBarStyle = UIStatusBarStyleDarkContent;
				INFOPLIST_KEY_UISupportedInterfaceOrientations = UIInterfaceOrientationPortrait;
				IPHONEOS_DEPLOYMENT_TARGET = 16.0;
				LD_RUNPATH_SEARCH_PATHS = (
					"$(inherited)",
					"@executable_path/Frameworks",
				);
				MARKETING_VERSION = 1.3;
				PRODUCT_BUNDLE_IDENTIFIER = com.SohumBerry.Jokebox;
				PRODUCT_NAME = "$(TARGET_NAME)";
				SUPPORTED_PLATFORMS = "iphoneos iphonesimulator";
				SUPPORTS_MACCATALYST = NO;
				SUPPORTS_MAC_DESIGNED_FOR_IPHONE_IPAD = NO;
				SWIFT_EMIT_LOC_STRINGS = YES;
				SWIFT_VERSION = 5.0;
				TARGETED_DEVICE_FAMILY = "1,2";
			};
			name = Release;
		};
		9C47E22B2A3196B700D83AEB /* Debug */ = {
			isa = XCBuildConfiguration;
			buildSettings = {
				ALWAYS_EMBED_SWIFT_STANDARD_LIBRARIES = YES;
				BUNDLE_LOADER = "$(TEST_HOST)";
				CODE_SIGN_STYLE = Automatic;
				CURRENT_PROJECT_VERSION = 1;
				DEVELOPMENT_TEAM = C9T7K26KFZ;
				GENERATE_INFOPLIST_FILE = YES;
				IPHONEOS_DEPLOYMENT_TARGET = 16.4;
				MARKETING_VERSION = 1.0;
				PRODUCT_BUNDLE_IDENTIFIER = com.SohumBerry.JokesterTests;
				PRODUCT_NAME = "$(TARGET_NAME)";
				SWIFT_EMIT_LOC_STRINGS = NO;
				SWIFT_VERSION = 5.0;
				TARGETED_DEVICE_FAMILY = "1,2";
				TEST_HOST = "$(BUILT_PRODUCTS_DIR)/Jokebox.app/$(BUNDLE_EXECUTABLE_FOLDER_PATH)/Jokebox";
			};
			name = Debug;
		};
		9C47E22C2A3196B700D83AEB /* Release */ = {
			isa = XCBuildConfiguration;
			buildSettings = {
				ALWAYS_EMBED_SWIFT_STANDARD_LIBRARIES = YES;
				BUNDLE_LOADER = "$(TEST_HOST)";
				CODE_SIGN_STYLE = Automatic;
				CURRENT_PROJECT_VERSION = 1;
				DEVELOPMENT_TEAM = C9T7K26KFZ;
				GENERATE_INFOPLIST_FILE = YES;
				IPHONEOS_DEPLOYMENT_TARGET = 16.4;
				MARKETING_VERSION = 1.0;
				PRODUCT_BUNDLE_IDENTIFIER = com.SohumBerry.JokesterTests;
				PRODUCT_NAME = "$(TARGET_NAME)";
				SWIFT_EMIT_LOC_STRINGS = NO;
				SWIFT_VERSION = 5.0;
				TARGETED_DEVICE_FAMILY = "1,2";
				TEST_HOST = "$(BUILT_PRODUCTS_DIR)/Jokebox.app/$(BUNDLE_EXECUTABLE_FOLDER_PATH)/Jokebox";
			};
			name = Release;
		};
		9C47E22E2A3196B700D83AEB /* Debug */ = {
			isa = XCBuildConfiguration;
			buildSettings = {
				ALWAYS_EMBED_SWIFT_STANDARD_LIBRARIES = YES;
				CODE_SIGN_STYLE = Automatic;
				CURRENT_PROJECT_VERSION = 1;
				DEVELOPMENT_TEAM = C9T7K26KFZ;
				GENERATE_INFOPLIST_FILE = YES;
				MARKETING_VERSION = 1.0;
				PRODUCT_BUNDLE_IDENTIFIER = com.SohumBerry.JokesterUITests;
				PRODUCT_NAME = "$(TARGET_NAME)";
				SWIFT_EMIT_LOC_STRINGS = NO;
				SWIFT_VERSION = 5.0;
				TARGETED_DEVICE_FAMILY = "1,2";
				TEST_TARGET_NAME = Jokester;
			};
			name = Debug;
		};
		9C47E22F2A3196B700D83AEB /* Release */ = {
			isa = XCBuildConfiguration;
			buildSettings = {
				ALWAYS_EMBED_SWIFT_STANDARD_LIBRARIES = YES;
				CODE_SIGN_STYLE = Automatic;
				CURRENT_PROJECT_VERSION = 1;
				DEVELOPMENT_TEAM = C9T7K26KFZ;
				GENERATE_INFOPLIST_FILE = YES;
				MARKETING_VERSION = 1.0;
				PRODUCT_BUNDLE_IDENTIFIER = com.SohumBerry.JokesterUITests;
				PRODUCT_NAME = "$(TARGET_NAME)";
				SWIFT_EMIT_LOC_STRINGS = NO;
				SWIFT_VERSION = 5.0;
				TARGETED_DEVICE_FAMILY = "1,2";
				TEST_TARGET_NAME = Jokester;
			};
			name = Release;
		};
/* End XCBuildConfiguration section */

/* Begin XCConfigurationList section */
		9C47E1FE2A3196B600D83AEB /* Build configuration list for PBXProject "Jokebox" */ = {
			isa = XCConfigurationList;
			buildConfigurations = (
				9C47E2252A3196B700D83AEB /* Debug */,
				9C47E2262A3196B700D83AEB /* Release */,
			);
			defaultConfigurationIsVisible = 0;
			defaultConfigurationName = Release;
		};
		9C47E2272A3196B700D83AEB /* Build configuration list for PBXNativeTarget "Jokebox" */ = {
			isa = XCConfigurationList;
			buildConfigurations = (
				9C47E2282A3196B700D83AEB /* Debug */,
				9C47E2292A3196B700D83AEB /* Release */,
			);
			defaultConfigurationIsVisible = 0;
			defaultConfigurationName = Release;
		};
		9C47E22A2A3196B700D83AEB /* Build configuration list for PBXNativeTarget "JokeboxTests" */ = {
			isa = XCConfigurationList;
			buildConfigurations = (
				9C47E22B2A3196B700D83AEB /* Debug */,
				9C47E22C2A3196B700D83AEB /* Release */,
			);
			defaultConfigurationIsVisible = 0;
			defaultConfigurationName = Release;
		};
		9C47E22D2A3196B700D83AEB /* Build configuration list for PBXNativeTarget "JokeboxUITests" */ = {
			isa = XCConfigurationList;
			buildConfigurations = (
				9C47E22E2A3196B700D83AEB /* Debug */,
				9C47E22F2A3196B700D83AEB /* Release */,
			);
			defaultConfigurationIsVisible = 0;
			defaultConfigurationName = Release;
		};
/* End XCConfigurationList section */
	};
	rootObject = 9C47E1FB2A3196B600D83AEB /* Project object */;
}
